<Solution>
  <Project Path="src/WidgetDepot.ApiService/WidgetDepot.ApiService.csproj" />
  <Project Path="src/WidgetDepot.AppHost/WidgetDepot.AppHost.csproj" />
  <Project Path="src/WidgetDepot.ServiceDefaults/WidgetDepot.ServiceDefaults.csproj" />
  <Project Path="src/WidgetDepot.Web/WidgetDepot.Web.csproj" />
  <Project Path="test/WidgetDepot.Tests/WidgetDepot.Tests.csproj" />
</Solution>
